
Microsoft Visual Studio Solution File, Format Version 12.00
# Visual Studio Version 16
VisualStudioVersion = 16.0.29926.136
MinimumVisualStudioVersion = 10.0.40219.1
Project("{FAE04EC0-301F-11D3-BF4B-00C04F79EFBC}") = "projeto teste Git", "projeto teste Git\projeto teste Git.csproj", "{C8ECB1C6-DB1B-4D13-9E55-A52CAA14D9D0}"
EndProject
Global
	GlobalSection(SolutionConfigurationPlatforms) = preSolution
		Debug|Any CPU = Debug|Any CPU
		Release|Any CPU = Release|Any CPU
	EndGlobalSection
	GlobalSection(ProjectConfigurationPlatforms) = postSolution
		{C8ECB1C6-DB1B-4D13-9E55-A52CAA14D9D0}.Debug|Any CPU.ActiveCfg = Debug|Any CPU
		{C8ECB1C6-DB1B-4D13-9E55-A52CAA14D9D0}.Debug|Any CPU.Build.0 = Debug|Any CPU
		{C8ECB1C6-DB1B-4D13-9E55-A52CAA14D9D0}.Release|Any CPU.ActiveCfg = Release|Any CPU
		{C8ECB1C6-DB1B-4D13-9E55-A52CAA14D9D0}.Release|Any CPU.Build.0 = Release|Any CPU
	EndGlobalSection
	GlobalSection(SolutionProperties) = preSolution
		HideSolutionNode = FALSE
	EndGlobalSection
	GlobalSection(ExtensibilityGlobals) = postSolution
		SolutionGuid = {29F5F2C1-7E78-4531-94FB-A7EF24F32CC5}
	EndGlobalSection
EndGlobal
